
Microsoft Visual Studio Solution File, Format Version 12.00
# Visual Studio Version 16
VisualStudioVersion = 16.0.29613.14
MinimumVisualStudioVersion = 10.0.40219.1
Project("{FAE04EC0-301F-11D3-BF4B-00C04F79EFBC}") = "SharpLocker", "SharpLocker.csproj", "{385F4387-1303-47A3-BC6D-F4D39B75A4DE}"
EndProject
Global
	GlobalSection(SolutionConfigurationPlatforms) = preSolution
		Debug|Any CPU = Debug|Any CPU
		Release|Any CPU = Release|Any CPU
	EndGlobalSection
	GlobalSection(ProjectConfigurationPlatforms) = postSolution
		{385F4387-1303-47A3-BC6D-F4D39B75A4DE}.Debug|Any CPU.ActiveCfg = Debug|Any CPU
		{385F4387-1303-47A3-BC6D-F4D39B75A4DE}.Debug|Any CPU.Build.0 = Debug|Any CPU
		{385F4387-1303-47A3-BC6D-F4D39B75A4DE}.Release|Any CPU.ActiveCfg = Release|Any CPU
		{385F4387-1303-47A3-BC6D-F4D39B75A4DE}.Release|Any CPU.Build.0 = Release|Any CPU
	EndGlobalSection
	GlobalSection(SolutionProperties) = preSolution
		HideSolutionNode = FALSE
	EndGlobalSection
	GlobalSection(ExtensibilityGlobals) = postSolution
		SolutionGuid = {7ACD093C-95D6-4479-9577-28E4866F6EB4}
	EndGlobalSection
EndGlobal
